
Microsoft Visual Studio Solution File, Format Version 12.00
# Visual Studio Version 17
VisualStudioVersion = 17.13.35931.197 d17.13
MinimumVisualStudioVersion = 10.0.40219.1
Project("{FAE04EC0-301F-11D3-BF4B-00C04F79EFBC}") = "SistemaVoltCar", "SistemaVoltCar\SistemaVoltCar.csproj", "{82470DC8-A7FA-40E2-BABD-33B814FF6589}"
EndProject
Global
	GlobalSection(SolutionConfigurationPlatforms) = preSolution
		Debug|Any CPU = Debug|Any CPU
		Release|Any CPU = Release|Any CPU
	EndGlobalSection
	GlobalSection(ProjectConfigurationPlatforms) = postSolution
		{82470DC8-A7FA-40E2-BABD-33B814FF6589}.Debug|Any CPU.ActiveCfg = Debug|Any CPU
		{82470DC8-A7FA-40E2-BABD-33B814FF6589}.Debug|Any CPU.Build.0 = Debug|Any CPU
		{82470DC8-A7FA-40E2-BABD-33B814FF6589}.Release|Any CPU.ActiveCfg = Release|Any CPU
		{82470DC8-A7FA-40E2-BABD-33B814FF6589}.Release|Any CPU.Build.0 = Release|Any CPU
	EndGlobalSection
	GlobalSection(SolutionProperties) = preSolution
		HideSolutionNode = FALSE
	EndGlobalSection
	GlobalSection(ExtensibilityGlobals) = postSolution
		SolutionGuid = {61DEB7E3-90E3-45D4-95BA-12DA989A28C8}
	EndGlobalSection
EndGlobal
